
Microsoft Visual Studio Solution File, Format Version 12.00
# Visual Studio Version 16
VisualStudioVersion = 16.0.30717.126
MinimumVisualStudioVersion = 10.0.40219.1
Project("{9A19103F-16F7-4668-BE54-9A1E7A4F7556}") = "NanoMessenger", "NanoMessenger\NanoMessenger.csproj", "{B8CF8A22-1D03-4B04-A29A-1E513B43A9F4}"
EndProject
Project("{9A19103F-16F7-4668-BE54-9A1E7A4F7556}") = "NanoMessenger.Tests", "NanoMessenger.Tests\NanoMessenger.Tests.csproj", "{35B70361-C6BC-48F8-AFF1-64F7CC63C2EC}"
EndProject
Project("{2150E333-8FDC-42A3-9474-1A3956D46DE8}") = "Solution Items", "Solution Items", "{224F6F65-5B53-4173-BC6F-5D3D383F76E5}"
	ProjectSection(SolutionItems) = preProject
		.editorconfig = .editorconfig
	EndProjectSection
EndProject
Global
	GlobalSection(SolutionConfigurationPlatforms) = preSolution
		Debug|Any CPU = Debug|Any CPU
		Release|Any CPU = Release|Any CPU
	EndGlobalSection
	GlobalSection(ProjectConfigurationPlatforms) = postSolution
		{B8CF8A22-1D03-4B04-A29A-1E513B43A9F4}.Debug|Any CPU.ActiveCfg = Debug|Any CPU
		{B8CF8A22-1D03-4B04-A29A-1E513B43A9F4}.Debug|Any CPU.Build.0 = Debug|Any CPU
		{B8CF8A22-1D03-4B04-A29A-1E513B43A9F4}.Release|Any CPU.ActiveCfg = Release|Any CPU
		{B8CF8A22-1D03-4B04-A29A-1E513B43A9F4}.Release|Any CPU.Build.0 = Release|Any CPU
		{35B70361-C6BC-48F8-AFF1-64F7CC63C2EC}.Debug|Any CPU.ActiveCfg = Debug|Any CPU
		{35B70361-C6BC-48F8-AFF1-64F7CC63C2EC}.Debug|Any CPU.Build.0 = Debug|Any CPU
		{35B70361-C6BC-48F8-AFF1-64F7CC63C2EC}.Release|Any CPU.ActiveCfg = Release|Any CPU
		{35B70361-C6BC-48F8-AFF1-64F7CC63C2EC}.Release|Any CPU.Build.0 = Release|Any CPU
	EndGlobalSection
	GlobalSection(SolutionProperties) = preSolution
		HideSolutionNode = FALSE
	EndGlobalSection
	GlobalSection(ExtensibilityGlobals) = postSolution
		SolutionGuid = {01BECAE0-D696-40E0-95DF-59F6E343B6CB}
	EndGlobalSection
EndGlobal
